Microsoft Visual Studio Solution File, Format Version 12.00
# Visual Studio 15
VisualStudioVersion = 15.0.26430.14
MinimumVisualStudioVersion = 10.0.40219.1
Project("{FAE04EC0-301F-11D3-BF4B-00C04F79EFBC}") = "MundiAPI.Standard", "MundiAPI.Standard/MundiAPI.Standard.csproj", "{c38f6f51-e860-4d9a-ae41-2e72fefd5ed0}"
EndProject
Global
    GlobalSection(SolutionConfigurationPlatforms) = preSolution
        Debug|Any CPU = Debug|Any CPU
        Release|Any CPU = Release|Any CPU
    EndGlobalSection
    GlobalSection(ProjectConfigurationPlatforms) = postSolution
        {c38f6f51-e860-4d9a-ae41-2e72fefd5ed0}.Debug|Any CPU.ActiveCfg = Debug|Any CPU
        {c38f6f51-e860-4d9a-ae41-2e72fefd5ed0}.Debug|Any CPU.Build.0 = Debug|Any CPU
        {c38f6f51-e860-4d9a-ae41-2e72fefd5ed0}.Release|Any CPU.ActiveCfg = Release|Any CPU
        {c38f6f51-e860-4d9a-ae41-2e72fefd5ed0}.Release|Any CPU.Build.0 = Release|Any CPU
    EndGlobalSection
    GlobalSection(SolutionProperties) = preSolution
        HideSolutionNode = FALSE
    EndGlobalSection
EndGlobal
