Microsoft Visual Studio Solution File, Format Version 12.00
# Visual Studio 15
VisualStudioVersion = 15.0.26430.14
MinimumVisualStudioVersion = 10.0.40219.1
Project("{FAE04EC0-301F-11D3-BF4B-00C04F79EFBC}") = "MundiAPI.Standard", "MundiAPI.Standard/MundiAPI.Standard.csproj", "{97caf679-d524-4260-9c42-5ace0e247f6c}"
EndProject
Project("{FAE04EC0-301F-11D3-BF4B-00C04F79EFBC}") = "MundiAPI.Tests", "MundiAPI.Tests/MundiAPI.Tests.csproj", "{8e3e91f3-97e7-43a6-a292-4dd703ece53b}"
EndProject
Global
    GlobalSection(SolutionConfigurationPlatforms) = preSolution
        Debug|Any CPU = Debug|Any CPU
        Release|Any CPU = Release|Any CPU
    EndGlobalSection
    GlobalSection(ProjectConfigurationPlatforms) = postSolution
        {97caf679-d524-4260-9c42-5ace0e247f6c}.Debug|Any CPU.ActiveCfg = Debug|Any CPU
        {97caf679-d524-4260-9c42-5ace0e247f6c}.Debug|Any CPU.Build.0 = Debug|Any CPU
        {97caf679-d524-4260-9c42-5ace0e247f6c}.Release|Any CPU.ActiveCfg = Release|Any CPU
        {97caf679-d524-4260-9c42-5ace0e247f6c}.Release|Any CPU.Build.0 = Release|Any CPU
        {8e3e91f3-97e7-43a6-a292-4dd703ece53b}.Debug|Any CPU.ActiveCfg = Debug|Any CPU
        {8e3e91f3-97e7-43a6-a292-4dd703ece53b}.Debug|Any CPU.Build.0 = Debug|Any CPU
        {8e3e91f3-97e7-43a6-a292-4dd703ece53b}.Release|Any CPU.ActiveCfg = Release|Any CPU
        {8e3e91f3-97e7-43a6-a292-4dd703ece53b}.Release|Any CPU.Build.0 = Release|Any CPU
    EndGlobalSection
    GlobalSection(SolutionProperties) = preSolution
        HideSolutionNode = FALSE
    EndGlobalSection
EndGlobal
