Microsoft Visual Studio Solution File, Format Version 12.00
# Visual Studio 15
VisualStudioVersion = 15.0.26430.14
MinimumVisualStudioVersion = 10.0.40219.1
Project("{FAE04EC0-301F-11D3-BF4B-00C04F79EFBC}") = "MundiAPI.Standard", "MundiAPI.Standard/MundiAPI.Standard.csproj", "{4eed9c0b-93f4-4f31-be5d-617034cf64e9}"
EndProject
Global
    GlobalSection(SolutionConfigurationPlatforms) = preSolution
        Debug|Any CPU = Debug|Any CPU
        Release|Any CPU = Release|Any CPU
    EndGlobalSection
    GlobalSection(ProjectConfigurationPlatforms) = postSolution
        {4eed9c0b-93f4-4f31-be5d-617034cf64e9}.Debug|Any CPU.ActiveCfg = Debug|Any CPU
        {4eed9c0b-93f4-4f31-be5d-617034cf64e9}.Debug|Any CPU.Build.0 = Debug|Any CPU
        {4eed9c0b-93f4-4f31-be5d-617034cf64e9}.Release|Any CPU.ActiveCfg = Release|Any CPU
        {4eed9c0b-93f4-4f31-be5d-617034cf64e9}.Release|Any CPU.Build.0 = Release|Any CPU
    EndGlobalSection
    GlobalSection(SolutionProperties) = preSolution
        HideSolutionNode = FALSE
    EndGlobalSection
EndGlobal
